
Microsoft Visual Studio Solution File, Format Version 12.00
# Visual Studio 2013
VisualStudioVersion = 12.0.40629.0
MinimumVisualStudioVersion = 10.0.40219.1
Project("{FAE04EC0-301F-11D3-BF4B-00C04F79EFBC}") = "UI", "МиСОИ\UI.csproj", "{50E76360-8223-45DC-A1E3-D1E14752FA6C}"
EndProject
Project("{FAE04EC0-301F-11D3-BF4B-00C04F79EFBC}") = "Filters", "Filters\Filters.csproj", "{63C5CADB-319E-42F6-87BB-36387504E557}"
EndProject
Global
	GlobalSection(SolutionConfigurationPlatforms) = preSolution
		Debug|Any CPU = Debug|Any CPU
		Release|Any CPU = Release|Any CPU
	EndGlobalSection
	GlobalSection(ProjectConfigurationPlatforms) = postSolution
		{50E76360-8223-45DC-A1E3-D1E14752FA6C}.Debug|Any CPU.ActiveCfg = Debug|Any CPU
		{50E76360-8223-45DC-A1E3-D1E14752FA6C}.Debug|Any CPU.Build.0 = Debug|Any CPU
		{50E76360-8223-45DC-A1E3-D1E14752FA6C}.Release|Any CPU.ActiveCfg = Release|Any CPU
		{50E76360-8223-45DC-A1E3-D1E14752FA6C}.Release|Any CPU.Build.0 = Release|Any CPU
		{63C5CADB-319E-42F6-87BB-36387504E557}.Debug|Any CPU.ActiveCfg = Debug|Any CPU
		{63C5CADB-319E-42F6-87BB-36387504E557}.Debug|Any CPU.Build.0 = Debug|Any CPU
		{63C5CADB-319E-42F6-87BB-36387504E557}.Release|Any CPU.ActiveCfg = Release|Any CPU
		{63C5CADB-319E-42F6-87BB-36387504E557}.Release|Any CPU.Build.0 = Release|Any CPU
	EndGlobalSection
	GlobalSection(SolutionProperties) = preSolution
		HideSolutionNode = FALSE
	EndGlobalSection
EndGlobal
